{
  "name": "whosampled",
  "lockfileVersion": 2,
  "requires": true,
  "packages": {
    "": {
      "dependencies": {
        "@hotwired/stimulus": "^3.2.2",
        "bootstrap": "^5.3.3"
      }
    },
    "node_modules/@hotwired/stimulus": {
      "version": "3.2.2",
      "license": "MIT"
    },
    "node_modules/@popperjs/core": {
      "version": "2.11.8",
      "license": "MIT",
      "peer": true,
      "funding": {
        "type": "opencollective",
        "url": "https://opencollective.com/popperjs"
      }
    },
    "node_modules/bootstrap": {
      "version": "5.3.3",
      "funding": [
        {
          "type": "github",
          "url": "https://github.com/sponsors/twbs"
        },
        {
          "type": "opencollective",
          "url": "https://opencollective.com/bootstrap"
        }
      ],
      "license": "MIT",
      "peerDependencies": {
        "@popperjs/core": "^2.11.8"
      }
    }
  },
  "dependencies": {
    "@hotwired/stimulus": {
      "version": "3.2.2"
    },
    "@popperjs/core": {
      "version": "2.11.8",
      "peer": true
    },
    "bootstrap": {
      "version": "5.3.3",
      "requires": {}
    }
  }
}
